
Microsoft Visual Studio Solution File, Format Version 12.00
# Visual Studio 15
VisualStudioVersion = 15.0.27428.2037
MinimumVisualStudioVersion = 10.0.40219.1
Project("{FAE04EC0-301F-11D3-BF4B-00C04F79EFBC}") = "LoadXmlTest", "LoadXmlTest\LoadXmlTest.csproj", "{BACA3912-876C-4077-8711-ECD4E84F3526}"
EndProject
Global
	GlobalSection(SolutionConfigurationPlatforms) = preSolution
		Debug|Any CPU = Debug|Any CPU
		Release|Any CPU = Release|Any CPU
	EndGlobalSection
	GlobalSection(ProjectConfigurationPlatforms) = postSolution
		{BACA3912-876C-4077-8711-ECD4E84F3526}.Debug|Any CPU.ActiveCfg = Debug|Any CPU
		{BACA3912-876C-4077-8711-ECD4E84F3526}.Debug|Any CPU.Build.0 = Debug|Any CPU
		{BACA3912-876C-4077-8711-ECD4E84F3526}.Release|Any CPU.ActiveCfg = Release|Any CPU
		{BACA3912-876C-4077-8711-ECD4E84F3526}.Release|Any CPU.Build.0 = Release|Any CPU
	EndGlobalSection
	GlobalSection(SolutionProperties) = preSolution
		HideSolutionNode = FALSE
	EndGlobalSection
	GlobalSection(ExtensibilityGlobals) = postSolution
		SolutionGuid = {E2BA2374-538D-4E25-9F8C-5A2F018FD1AD}
	EndGlobalSection
EndGlobal
